# @generated - this file is auto-generated by `mise lock` https://mise.jdx.dev/dev-tools/mise-lock.html

lockfile_version = 1

[[tools.node]]
version = "22.23.2"
backend = "core:node"
specifiers = ["22.23.2"]

[tools.node."platforms.linux-x64"]
checksum = "sha256:b294a556e639d64338823920e5866c21c02741742d2e1529ee1a225c1ec9252a"
url = "https://nodejs.org/dist/v22.23.2/node-v22.23.2-linux-x64.tar.gz"

[tools.node."platforms.macos-arm64"]
checksum = "sha256:61130f394c1630d211dd50aecc4353d379480f36d3ac913cd85dbba1aed585c6"
url = "https://nodejs.org/dist/v22.23.2/node-v22.23.2-darwin-arm64.tar.gz"

[[tools.python]]
version = "3.13.13"
backend = "core:python"
specifiers = ["3.13.13"]

[tools.python."platforms.linux-x64"]
checksum = "sha256:c249d2b96af6912c3910f234b96aa8d20d30e8b0c46d0584fa956d7a77036ea9"
url = "https://github.com/astral-sh/python-build-standalone/releases/download/20260602/cpython-3.13.13+20260602-x86_64-unknown-linux-gnu-install_only_stripped.tar.gz"
provenance = "github-attestations"

[tools.python."platforms.macos-arm64"]
checksum = "sha256:b929647e1ebe243bd8b66c731e102b97dd7bdcc08127f03b7b22997ac4667403"
url = "https://github.com/astral-sh/python-build-standalone/releases/download/20260602/cpython-3.13.13+20260602-aarch64-apple-darwin-install_only_stripped.tar.gz"
provenance = "github-attestations"

[[tools.uv]]
version = "0.12.10"
backend = "aqua:astral-sh/uv"
specifiers = ["0.12.10"]

[tools.uv."platforms.linux-x64"]
checksum = "sha256:173d95a0c32d18c896c46ba6fafbf3cf9c14ab74b033f81b76c883ef492a976b"
url = "https://github.com/astral-sh/uv/releases/download/0.12.10/uv-x86_64-unknown-linux-gnu.tar.gz"
url_api = "https://api.github.com/repos/astral-sh/uv/releases/assets/545034465"
provenance = "github-attestations"

[tools.uv."platforms.macos-arm64"]
checksum = "sha256:51c6170e8e3a01cef9f33b94f582b7b81ac65046f55d40afb35f9cff5a68c179"
url = "https://github.com/astral-sh/uv/releases/download/0.12.10/uv-aarch64-apple-darwin.tar.gz"
url_api = "https://api.github.com/repos/astral-sh/uv/releases/assets/545034336"
provenance = "github-attestations"
